
Microsoft Visual Studio Solution File, Format Version 12.00
Project("{FAE04EC0-301F-11D3-BF4B-00C04F79EFBC}") = "task_volgograd.ansoft.ru", "task_volgograd.ansoft.ru\task_volgograd.ansoft.ru.csproj", "{9A37F106-6098-4E6D-809B-B69F2DE82318}"
EndProject
Project("{FAE04EC0-301F-11D3-BF4B-00C04F79EFBC}") = "task_volgograd.ansoft.ru.domain", "..\task_volgograd.ansoft.ru.domain\task_volgograd.ansoft.ru.domain.csproj", "{8D81ED16-7E03-4334-BF01-7A85CD88FAE8}"
EndProject
Project("{FAE04EC0-301F-11D3-BF4B-00C04F79EFBC}") = "task_volgograd.ansoft.ru.dataAccess", "..\task_volgograd.ansoft.ru.dataAccess\task_volgograd.ansoft.ru.dataAccess.csproj", "{81E315C8-F805-4E1A-876A-E0B470462C9A}"
EndProject
Project("{FAE04EC0-301F-11D3-BF4B-00C04F79EFBC}") = "task_volgograd.ansoft.ru.services", "..\task_volgograd.ansoft.ru.services\task_volgograd.ansoft.ru.services.csproj", "{F081E8CE-C5C6-45A4-8F4A-5EB90276EA2F}"
EndProject
Global
	GlobalSection(SolutionConfigurationPlatforms) = preSolution
		Debug|Any CPU = Debug|Any CPU
		Release|Any CPU = Release|Any CPU
	EndGlobalSection
	GlobalSection(ProjectConfigurationPlatforms) = postSolution
		{9A37F106-6098-4E6D-809B-B69F2DE82318}.Debug|Any CPU.ActiveCfg = Debug|Any CPU
		{9A37F106-6098-4E6D-809B-B69F2DE82318}.Debug|Any CPU.Build.0 = Debug|Any CPU
		{9A37F106-6098-4E6D-809B-B69F2DE82318}.Release|Any CPU.ActiveCfg = Release|Any CPU
		{9A37F106-6098-4E6D-809B-B69F2DE82318}.Release|Any CPU.Build.0 = Release|Any CPU
		{8D81ED16-7E03-4334-BF01-7A85CD88FAE8}.Debug|Any CPU.ActiveCfg = Debug|Any CPU
		{8D81ED16-7E03-4334-BF01-7A85CD88FAE8}.Debug|Any CPU.Build.0 = Debug|Any CPU
		{8D81ED16-7E03-4334-BF01-7A85CD88FAE8}.Release|Any CPU.ActiveCfg = Release|Any CPU
		{8D81ED16-7E03-4334-BF01-7A85CD88FAE8}.Release|Any CPU.Build.0 = Release|Any CPU
		{81E315C8-F805-4E1A-876A-E0B470462C9A}.Debug|Any CPU.ActiveCfg = Debug|Any CPU
		{81E315C8-F805-4E1A-876A-E0B470462C9A}.Debug|Any CPU.Build.0 = Debug|Any CPU
		{81E315C8-F805-4E1A-876A-E0B470462C9A}.Release|Any CPU.ActiveCfg = Release|Any CPU
		{81E315C8-F805-4E1A-876A-E0B470462C9A}.Release|Any CPU.Build.0 = Release|Any CPU
		{F081E8CE-C5C6-45A4-8F4A-5EB90276EA2F}.Debug|Any CPU.ActiveCfg = Debug|Any CPU
		{F081E8CE-C5C6-45A4-8F4A-5EB90276EA2F}.Debug|Any CPU.Build.0 = Debug|Any CPU
		{F081E8CE-C5C6-45A4-8F4A-5EB90276EA2F}.Release|Any CPU.ActiveCfg = Release|Any CPU
		{F081E8CE-C5C6-45A4-8F4A-5EB90276EA2F}.Release|Any CPU.Build.0 = Release|Any CPU
	EndGlobalSection
EndGlobal
